
Microsoft Visual Studio Solution File, Format Version 12.00
# Visual Studio Version 17
VisualStudioVersion = 17.14.36327.8 d17.14
MinimumVisualStudioVersion = 10.0.40219.1
Project("{FAE04EC0-301F-11D3-BF4B-00C04F79EFBC}") = "visor_imagenes", "visor_imagenes\visor_imagenes.csproj", "{B766CFAE-61C1-404E-86A7-392CBE98CB2E}"
EndProject
Global
	GlobalSection(SolutionConfigurationPlatforms) = preSolution
		Debug|Any CPU = Debug|Any CPU
		Release|Any CPU = Release|Any CPU
	EndGlobalSection
	GlobalSection(ProjectConfigurationPlatforms) = postSolution
		{B766CFAE-61C1-404E-86A7-392CBE98CB2E}.Debug|Any CPU.ActiveCfg = Debug|Any CPU
		{B766CFAE-61C1-404E-86A7-392CBE98CB2E}.Debug|Any CPU.Build.0 = Debug|Any CPU
		{B766CFAE-61C1-404E-86A7-392CBE98CB2E}.Release|Any CPU.ActiveCfg = Release|Any CPU
		{B766CFAE-61C1-404E-86A7-392CBE98CB2E}.Release|Any CPU.Build.0 = Release|Any CPU
	EndGlobalSection
	GlobalSection(SolutionProperties) = preSolution
		HideSolutionNode = FALSE
	EndGlobalSection
	GlobalSection(ExtensibilityGlobals) = postSolution
		SolutionGuid = {EAC834BE-FBD4-46A5-9DF6-45E2F973CBE1}
	EndGlobalSection
EndGlobal
