
Microsoft Visual Studio Solution File, Format Version 12.00
# Visual Studio Version 17
VisualStudioVersion = 17.14.36327.8 d17.14
MinimumVisualStudioVersion = 10.0.40219.1
Project("{FAE04EC0-301F-11D3-BF4B-00C04F79EFBC}") = "GestorTareas", "GestorTareas\GestorTareas.csproj", "{F8D72363-BC6C-406E-A32F-58E8CCC7CA38}"
EndProject
Global
	GlobalSection(SolutionConfigurationPlatforms) = preSolution
		Debug|Any CPU = Debug|Any CPU
		Release|Any CPU = Release|Any CPU
	EndGlobalSection
	GlobalSection(ProjectConfigurationPlatforms) = postSolution
		{F8D72363-BC6C-406E-A32F-58E8CCC7CA38}.Debug|Any CPU.ActiveCfg = Debug|Any CPU
		{F8D72363-BC6C-406E-A32F-58E8CCC7CA38}.Debug|Any CPU.Build.0 = Debug|Any CPU
		{F8D72363-BC6C-406E-A32F-58E8CCC7CA38}.Release|Any CPU.ActiveCfg = Release|Any CPU
		{F8D72363-BC6C-406E-A32F-58E8CCC7CA38}.Release|Any CPU.Build.0 = Release|Any CPU
	EndGlobalSection
	GlobalSection(SolutionProperties) = preSolution
		HideSolutionNode = FALSE
	EndGlobalSection
	GlobalSection(ExtensibilityGlobals) = postSolution
		SolutionGuid = {1C47169B-1C7B-4248-9DF1-EAD63B74F617}
	EndGlobalSection
EndGlobal
